
Microsoft Visual Studio Solution File, Format Version 12.00
# Visual Studio Version 17
VisualStudioVersion = 17.6.33801.468
MinimumVisualStudioVersion = 10.0.40219.1
Project("{FAE04EC0-301F-11D3-BF4B-00C04F79EFBC}") = "AnimalKingdom", "AnimalKingdom\AnimalKingdom.csproj", "{1465A47B-2889-4D65-93CA-EEEB283BD3C3}"
EndProject
Global
	GlobalSection(SolutionConfigurationPlatforms) = preSolution
		Debug|Any CPU = Debug|Any CPU
		Release|Any CPU = Release|Any CPU
	EndGlobalSection
	GlobalSection(ProjectConfigurationPlatforms) = postSolution
		{1465A47B-2889-4D65-93CA-EEEB283BD3C3}.Debug|Any CPU.ActiveCfg = Debug|Any CPU
		{1465A47B-2889-4D65-93CA-EEEB283BD3C3}.Debug|Any CPU.Build.0 = Debug|Any CPU
		{1465A47B-2889-4D65-93CA-EEEB283BD3C3}.Release|Any CPU.ActiveCfg = Release|Any CPU
		{1465A47B-2889-4D65-93CA-EEEB283BD3C3}.Release|Any CPU.Build.0 = Release|Any CPU
	EndGlobalSection
	GlobalSection(SolutionProperties) = preSolution
		HideSolutionNode = FALSE
	EndGlobalSection
	GlobalSection(ExtensibilityGlobals) = postSolution
		SolutionGuid = {17B0B31D-CA53-43A7-8160-81148030FE7E}
	EndGlobalSection
EndGlobal
