
Microsoft Visual Studio Solution File, Format Version 12.00
# Visual Studio Version 17
VisualStudioVersion = 17.2.32526.322
MinimumVisualStudioVersion = 10.0.40219.1
Project("{FAE04EC0-301F-11D3-BF4B-00C04F79EFBC}") = "CargoTransport", "CargoTransport\CargoTransport.csproj", "{FF8117E9-BA17-4950-9DF8-9BE7DA32DA89}"
EndProject
Global
	GlobalSection(SolutionConfigurationPlatforms) = preSolution
		Debug|Any CPU = Debug|Any CPU
		Release|Any CPU = Release|Any CPU
	EndGlobalSection
	GlobalSection(ProjectConfigurationPlatforms) = postSolution
		{FF8117E9-BA17-4950-9DF8-9BE7DA32DA89}.Debug|Any CPU.ActiveCfg = Debug|Any CPU
		{FF8117E9-BA17-4950-9DF8-9BE7DA32DA89}.Debug|Any CPU.Build.0 = Debug|Any CPU
		{FF8117E9-BA17-4950-9DF8-9BE7DA32DA89}.Release|Any CPU.ActiveCfg = Release|Any CPU
		{FF8117E9-BA17-4950-9DF8-9BE7DA32DA89}.Release|Any CPU.Build.0 = Release|Any CPU
	EndGlobalSection
	GlobalSection(SolutionProperties) = preSolution
		HideSolutionNode = FALSE
	EndGlobalSection
	GlobalSection(ExtensibilityGlobals) = postSolution
		SolutionGuid = {272AA08F-703C-4849-AAD6-12BE8E49FDD0}
	EndGlobalSection
EndGlobal
