
Microsoft Visual Studio Solution File, Format Version 12.00
# Visual Studio Version 17
VisualStudioVersion = 17.2.32526.322
MinimumVisualStudioVersion = 10.0.40219.1
Project("{FAE04EC0-301F-11D3-BF4B-00C04F79EFBC}") = "Teams", "Teams\Teams.csproj", "{BF1F9686-C2A6-4F3B-A3E3-8A08313FDBB9}"
EndProject
Global
	GlobalSection(SolutionConfigurationPlatforms) = preSolution
		Debug|Any CPU = Debug|Any CPU
		Release|Any CPU = Release|Any CPU
	EndGlobalSection
	GlobalSection(ProjectConfigurationPlatforms) = postSolution
		{BF1F9686-C2A6-4F3B-A3E3-8A08313FDBB9}.Debug|Any CPU.ActiveCfg = Debug|Any CPU
		{BF1F9686-C2A6-4F3B-A3E3-8A08313FDBB9}.Debug|Any CPU.Build.0 = Debug|Any CPU
		{BF1F9686-C2A6-4F3B-A3E3-8A08313FDBB9}.Release|Any CPU.ActiveCfg = Release|Any CPU
		{BF1F9686-C2A6-4F3B-A3E3-8A08313FDBB9}.Release|Any CPU.Build.0 = Release|Any CPU
	EndGlobalSection
	GlobalSection(SolutionProperties) = preSolution
		HideSolutionNode = FALSE
	EndGlobalSection
	GlobalSection(ExtensibilityGlobals) = postSolution
		SolutionGuid = {D5260FDE-E063-4D71-94E7-3529F551A067}
	EndGlobalSection
EndGlobal
