
Microsoft Visual Studio Solution File, Format Version 12.00
# Visual Studio Version 17
VisualStudioVersion = 17.6.33801.468
MinimumVisualStudioVersion = 10.0.40219.1
Project("{FAE04EC0-301F-11D3-BF4B-00C04F79EFBC}") = "ArrayCreator", "TSTranev\ArrayCreator.csproj", "{13F7E447-7342-4CB7-8364-BD50BAD7B75C}"
EndProject
Project("{FAE04EC0-301F-11D3-BF4B-00C04F79EFBC}") = "BetterList", "BetterList\BetterList.csproj", "{C7C7338B-9DA7-4804-96A2-10DB79EA62D0}"
EndProject
Project("{FAE04EC0-301F-11D3-BF4B-00C04F79EFBC}") = "Scale", "Scale\Scale.csproj", "{32EDD3F2-E92C-4D56-869E-BAC4BF040277}"
EndProject
Global
	GlobalSection(SolutionConfigurationPlatforms) = preSolution
		Debug|Any CPU = Debug|Any CPU
		Release|Any CPU = Release|Any CPU
	EndGlobalSection
	GlobalSection(ProjectConfigurationPlatforms) = postSolution
		{13F7E447-7342-4CB7-8364-BD50BAD7B75C}.Debug|Any CPU.ActiveCfg = Debug|Any CPU
		{13F7E447-7342-4CB7-8364-BD50BAD7B75C}.Debug|Any CPU.Build.0 = Debug|Any CPU
		{13F7E447-7342-4CB7-8364-BD50BAD7B75C}.Release|Any CPU.ActiveCfg = Release|Any CPU
		{13F7E447-7342-4CB7-8364-BD50BAD7B75C}.Release|Any CPU.Build.0 = Release|Any CPU
		{C7C7338B-9DA7-4804-96A2-10DB79EA62D0}.Debug|Any CPU.ActiveCfg = Debug|Any CPU
		{C7C7338B-9DA7-4804-96A2-10DB79EA62D0}.Debug|Any CPU.Build.0 = Debug|Any CPU
		{C7C7338B-9DA7-4804-96A2-10DB79EA62D0}.Release|Any CPU.ActiveCfg = Release|Any CPU
		{C7C7338B-9DA7-4804-96A2-10DB79EA62D0}.Release|Any CPU.Build.0 = Release|Any CPU
		{32EDD3F2-E92C-4D56-869E-BAC4BF040277}.Debug|Any CPU.ActiveCfg = Debug|Any CPU
		{32EDD3F2-E92C-4D56-869E-BAC4BF040277}.Debug|Any CPU.Build.0 = Debug|Any CPU
		{32EDD3F2-E92C-4D56-869E-BAC4BF040277}.Release|Any CPU.ActiveCfg = Release|Any CPU
		{32EDD3F2-E92C-4D56-869E-BAC4BF040277}.Release|Any CPU.Build.0 = Release|Any CPU
	EndGlobalSection
	GlobalSection(SolutionProperties) = preSolution
		HideSolutionNode = FALSE
	EndGlobalSection
	GlobalSection(ExtensibilityGlobals) = postSolution
		SolutionGuid = {9E98E7BE-B28F-4641-9EB1-E9F3FAA21856}
	EndGlobalSection
EndGlobal
