
Microsoft Visual Studio Solution File, Format Version 12.00
# Visual Studio Version 17
VisualStudioVersion = 17.5.33530.505
MinimumVisualStudioVersion = 10.0.40219.1
Project("{FAE04EC0-301F-11D3-BF4B-00C04F79EFBC}") = "RationalNumber", "RationalNumber\RationalNumber.csproj", "{9A49FE82-B40A-45AD-9E17-72809739253E}"
EndProject
Project("{FAE04EC0-301F-11D3-BF4B-00C04F79EFBC}") = "EvenNumber", "EvenNumber\EvenNumber.csproj", "{4F7614DC-28F0-4644-9F68-A10F8880241E}"
EndProject
Project("{FAE04EC0-301F-11D3-BF4B-00C04F79EFBC}") = "KNumber", "KNumber\KNumber.csproj", "{29AD95F3-6A0B-4E9E-B02B-C81320E46543}"
EndProject
Global
	GlobalSection(SolutionConfigurationPlatforms) = preSolution
		Debug|Any CPU = Debug|Any CPU
		Release|Any CPU = Release|Any CPU
	EndGlobalSection
	GlobalSection(ProjectConfigurationPlatforms) = postSolution
		{9A49FE82-B40A-45AD-9E17-72809739253E}.Debug|Any CPU.ActiveCfg = Debug|Any CPU
		{9A49FE82-B40A-45AD-9E17-72809739253E}.Debug|Any CPU.Build.0 = Debug|Any CPU
		{9A49FE82-B40A-45AD-9E17-72809739253E}.Release|Any CPU.ActiveCfg = Release|Any CPU
		{9A49FE82-B40A-45AD-9E17-72809739253E}.Release|Any CPU.Build.0 = Release|Any CPU
		{4F7614DC-28F0-4644-9F68-A10F8880241E}.Debug|Any CPU.ActiveCfg = Debug|Any CPU
		{4F7614DC-28F0-4644-9F68-A10F8880241E}.Debug|Any CPU.Build.0 = Debug|Any CPU
		{4F7614DC-28F0-4644-9F68-A10F8880241E}.Release|Any CPU.ActiveCfg = Release|Any CPU
		{4F7614DC-28F0-4644-9F68-A10F8880241E}.Release|Any CPU.Build.0 = Release|Any CPU
		{29AD95F3-6A0B-4E9E-B02B-C81320E46543}.Debug|Any CPU.ActiveCfg = Debug|Any CPU
		{29AD95F3-6A0B-4E9E-B02B-C81320E46543}.Debug|Any CPU.Build.0 = Debug|Any CPU
		{29AD95F3-6A0B-4E9E-B02B-C81320E46543}.Release|Any CPU.ActiveCfg = Release|Any CPU
		{29AD95F3-6A0B-4E9E-B02B-C81320E46543}.Release|Any CPU.Build.0 = Release|Any CPU
	EndGlobalSection
	GlobalSection(SolutionProperties) = preSolution
		HideSolutionNode = FALSE
	EndGlobalSection
	GlobalSection(ExtensibilityGlobals) = postSolution
		SolutionGuid = {82756E6D-6FA7-4DF6-8BED-1697018DF422}
	EndGlobalSection
EndGlobal
