
Microsoft Visual Studio Solution File, Format Version 12.00
# Visual Studio Version 17
VisualStudioVersion = 17.6.33801.468
MinimumVisualStudioVersion = 10.0.40219.1
Project("{FAE04EC0-301F-11D3-BF4B-00C04F79EFBC}") = "TheConsoleGame", "TheConsoleGame\TheConsoleGame.csproj", "{9C0BC4BB-6B45-44D9-9A6A-B8634B09F386}"
EndProject
Global
	GlobalSection(SolutionConfigurationPlatforms) = preSolution
		Debug|Any CPU = Debug|Any CPU
		Release|Any CPU = Release|Any CPU
	EndGlobalSection
	GlobalSection(ProjectConfigurationPlatforms) = postSolution
		{9C0BC4BB-6B45-44D9-9A6A-B8634B09F386}.Debug|Any CPU.ActiveCfg = Debug|Any CPU
		{9C0BC4BB-6B45-44D9-9A6A-B8634B09F386}.Debug|Any CPU.Build.0 = Debug|Any CPU
		{9C0BC4BB-6B45-44D9-9A6A-B8634B09F386}.Release|Any CPU.ActiveCfg = Release|Any CPU
		{9C0BC4BB-6B45-44D9-9A6A-B8634B09F386}.Release|Any CPU.Build.0 = Release|Any CPU
	EndGlobalSection
	GlobalSection(SolutionProperties) = preSolution
		HideSolutionNode = FALSE
	EndGlobalSection
	GlobalSection(ExtensibilityGlobals) = postSolution
		SolutionGuid = {DAB9E2C8-F2A8-4359-9FE5-563A9EDD7B54}
	EndGlobalSection
EndGlobal
