
Microsoft Visual Studio Solution File, Format Version 12.00
# Visual Studio Version 17
VisualStudioVersion = 17.8.34511.84
MinimumVisualStudioVersion = 10.0.40219.1
Project("{FAE04EC0-301F-11D3-BF4B-00C04F79EFBC}") = "Task1", "Task1\Task1.csproj", "{27121DAA-D3C7-4F3D-9A67-9831835D7912}"
EndProject
Project("{FAE04EC0-301F-11D3-BF4B-00C04F79EFBC}") = "Task2", "Task2\Task2.csproj", "{46DEF3E9-F66C-47D6-A2DE-321720507117}"
EndProject
Project("{FAE04EC0-301F-11D3-BF4B-00C04F79EFBC}") = "Task3", "Task3\Task3.csproj", "{EB8A4328-DFBD-4411-8422-7740C9A02927}"
EndProject
Project("{FAE04EC0-301F-11D3-BF4B-00C04F79EFBC}") = "RandomList", "RandomList\RandomList.csproj", "{DD164AB5-DF13-4398-9DFA-3B323F6004A3}"
EndProject
Project("{FAE04EC0-301F-11D3-BF4B-00C04F79EFBC}") = "StackOfStrings", "StackOfStrings\StackOfStrings.csproj", "{2E50F671-B8BF-4469-95AC-C757A8B8B0B0}"
EndProject
Global
	GlobalSection(SolutionConfigurationPlatforms) = preSolution
		Debug|Any CPU = Debug|Any CPU
		Release|Any CPU = Release|Any CPU
	EndGlobalSection
	GlobalSection(ProjectConfigurationPlatforms) = postSolution
		{27121DAA-D3C7-4F3D-9A67-9831835D7912}.Debug|Any CPU.ActiveCfg = Debug|Any CPU
		{27121DAA-D3C7-4F3D-9A67-9831835D7912}.Debug|Any CPU.Build.0 = Debug|Any CPU
		{27121DAA-D3C7-4F3D-9A67-9831835D7912}.Release|Any CPU.ActiveCfg = Release|Any CPU
		{27121DAA-D3C7-4F3D-9A67-9831835D7912}.Release|Any CPU.Build.0 = Release|Any CPU
		{46DEF3E9-F66C-47D6-A2DE-321720507117}.Debug|Any CPU.ActiveCfg = Debug|Any CPU
		{46DEF3E9-F66C-47D6-A2DE-321720507117}.Debug|Any CPU.Build.0 = Debug|Any CPU
		{46DEF3E9-F66C-47D6-A2DE-321720507117}.Release|Any CPU.ActiveCfg = Release|Any CPU
		{46DEF3E9-F66C-47D6-A2DE-321720507117}.Release|Any CPU.Build.0 = Release|Any CPU
		{EB8A4328-DFBD-4411-8422-7740C9A02927}.Debug|Any CPU.ActiveCfg = Debug|Any CPU
		{EB8A4328-DFBD-4411-8422-7740C9A02927}.Debug|Any CPU.Build.0 = Debug|Any CPU
		{EB8A4328-DFBD-4411-8422-7740C9A02927}.Release|Any CPU.ActiveCfg = Release|Any CPU
		{EB8A4328-DFBD-4411-8422-7740C9A02927}.Release|Any CPU.Build.0 = Release|Any CPU
		{DD164AB5-DF13-4398-9DFA-3B323F6004A3}.Debug|Any CPU.ActiveCfg = Debug|Any CPU
		{DD164AB5-DF13-4398-9DFA-3B323F6004A3}.Debug|Any CPU.Build.0 = Debug|Any CPU
		{DD164AB5-DF13-4398-9DFA-3B323F6004A3}.Release|Any CPU.ActiveCfg = Release|Any CPU
		{DD164AB5-DF13-4398-9DFA-3B323F6004A3}.Release|Any CPU.Build.0 = Release|Any CPU
		{2E50F671-B8BF-4469-95AC-C757A8B8B0B0}.Debug|Any CPU.ActiveCfg = Debug|Any CPU
		{2E50F671-B8BF-4469-95AC-C757A8B8B0B0}.Debug|Any CPU.Build.0 = Debug|Any CPU
		{2E50F671-B8BF-4469-95AC-C757A8B8B0B0}.Release|Any CPU.ActiveCfg = Release|Any CPU
		{2E50F671-B8BF-4469-95AC-C757A8B8B0B0}.Release|Any CPU.Build.0 = Release|Any CPU
	EndGlobalSection
	GlobalSection(SolutionProperties) = preSolution
		HideSolutionNode = FALSE
	EndGlobalSection
	GlobalSection(ExtensibilityGlobals) = postSolution
		SolutionGuid = {8DC3AF3E-6D25-435C-9E5B-76E95BDEF8E3}
	EndGlobalSection
EndGlobal
