
Microsoft Visual Studio Solution File, Format Version 12.00
# Visual Studio Version 17
VisualStudioVersion = 17.6.33801.468
MinimumVisualStudioVersion = 10.0.40219.1
Project("{FAE04EC0-301F-11D3-BF4B-00C04F79EFBC}") = "DogTask", "DogTask\DogTask.csproj", "{5B1EAA5A-A982-46F0-B694-BE7311BF8E6D}"
EndProject
Project("{FAE04EC0-301F-11D3-BF4B-00C04F79EFBC}") = "PuppyTask", "PuppyTask\PuppyTask.csproj", "{12659108-2738-4690-833A-447A4743D263}"
EndProject
Project("{FAE04EC0-301F-11D3-BF4B-00C04F79EFBC}") = "AnimalsTask", "AnimalsTask\AnimalsTask.csproj", "{3A6ADB0C-6A91-470B-8E79-31BED228D539}"
EndProject
Project("{FAE04EC0-301F-11D3-BF4B-00C04F79EFBC}") = "RandomListTask", "RandomListTask\RandomListTask.csproj", "{7A7E3569-2C95-41C6-819A-64E3296168BC}"
EndProject
Project("{FAE04EC0-301F-11D3-BF4B-00C04F79EFBC}") = "StackOfStringsTask", "StackOfStringsTask\StackOfStringsTask.csproj", "{A161EF6D-5396-4B64-BFA2-31435F08C169}"
EndProject
Global
	GlobalSection(SolutionConfigurationPlatforms) = preSolution
		Debug|Any CPU = Debug|Any CPU
		Release|Any CPU = Release|Any CPU
	EndGlobalSection
	GlobalSection(ProjectConfigurationPlatforms) = postSolution
		{5B1EAA5A-A982-46F0-B694-BE7311BF8E6D}.Debug|Any CPU.ActiveCfg = Debug|Any CPU
		{5B1EAA5A-A982-46F0-B694-BE7311BF8E6D}.Debug|Any CPU.Build.0 = Debug|Any CPU
		{5B1EAA5A-A982-46F0-B694-BE7311BF8E6D}.Release|Any CPU.ActiveCfg = Release|Any CPU
		{5B1EAA5A-A982-46F0-B694-BE7311BF8E6D}.Release|Any CPU.Build.0 = Release|Any CPU
		{12659108-2738-4690-833A-447A4743D263}.Debug|Any CPU.ActiveCfg = Debug|Any CPU
		{12659108-2738-4690-833A-447A4743D263}.Debug|Any CPU.Build.0 = Debug|Any CPU
		{12659108-2738-4690-833A-447A4743D263}.Release|Any CPU.ActiveCfg = Release|Any CPU
		{12659108-2738-4690-833A-447A4743D263}.Release|Any CPU.Build.0 = Release|Any CPU
		{3A6ADB0C-6A91-470B-8E79-31BED228D539}.Debug|Any CPU.ActiveCfg = Debug|Any CPU
		{3A6ADB0C-6A91-470B-8E79-31BED228D539}.Debug|Any CPU.Build.0 = Debug|Any CPU
		{3A6ADB0C-6A91-470B-8E79-31BED228D539}.Release|Any CPU.ActiveCfg = Release|Any CPU
		{3A6ADB0C-6A91-470B-8E79-31BED228D539}.Release|Any CPU.Build.0 = Release|Any CPU
		{7A7E3569-2C95-41C6-819A-64E3296168BC}.Debug|Any CPU.ActiveCfg = Debug|Any CPU
		{7A7E3569-2C95-41C6-819A-64E3296168BC}.Debug|Any CPU.Build.0 = Debug|Any CPU
		{7A7E3569-2C95-41C6-819A-64E3296168BC}.Release|Any CPU.ActiveCfg = Release|Any CPU
		{7A7E3569-2C95-41C6-819A-64E3296168BC}.Release|Any CPU.Build.0 = Release|Any CPU
		{A161EF6D-5396-4B64-BFA2-31435F08C169}.Debug|Any CPU.ActiveCfg = Debug|Any CPU
		{A161EF6D-5396-4B64-BFA2-31435F08C169}.Debug|Any CPU.Build.0 = Debug|Any CPU
		{A161EF6D-5396-4B64-BFA2-31435F08C169}.Release|Any CPU.ActiveCfg = Release|Any CPU
		{A161EF6D-5396-4B64-BFA2-31435F08C169}.Release|Any CPU.Build.0 = Release|Any CPU
	EndGlobalSection
	GlobalSection(SolutionProperties) = preSolution
		HideSolutionNode = FALSE
	EndGlobalSection
	GlobalSection(ExtensibilityGlobals) = postSolution
		SolutionGuid = {A91DC7B1-33D7-4D11-8468-67CDE3BE0501}
	EndGlobalSection
EndGlobal
