
Microsoft Visual Studio Solution File, Format Version 12.00
# Visual Studio Version 17
VisualStudioVersion = 17.8.34330.188
MinimumVisualStudioVersion = 10.0.40219.1
Project("{FAE04EC0-301F-11D3-BF4B-00C04F79EFBC}") = "Skeleton", "Skeleton\Skeleton.csproj", "{C91ED0B2-9850-43EB-BA8C-7549B9BDDD83}"
EndProject
Project("{FAE04EC0-301F-11D3-BF4B-00C04F79EFBC}") = "SkeletonMicrosoftTests", "SkeletonMicrosoftTests\SkeletonMicrosoftTests.csproj", "{60D757F5-B592-4467-A781-52379EB0493B}"
EndProject
Global
	GlobalSection(SolutionConfigurationPlatforms) = preSolution
		Debug|Any CPU = Debug|Any CPU
		Release|Any CPU = Release|Any CPU
	EndGlobalSection
	GlobalSection(ProjectConfigurationPlatforms) = postSolution
		{C91ED0B2-9850-43EB-BA8C-7549B9BDDD83}.Debug|Any CPU.ActiveCfg = Debug|Any CPU
		{C91ED0B2-9850-43EB-BA8C-7549B9BDDD83}.Debug|Any CPU.Build.0 = Debug|Any CPU
		{C91ED0B2-9850-43EB-BA8C-7549B9BDDD83}.Release|Any CPU.ActiveCfg = Release|Any CPU
		{C91ED0B2-9850-43EB-BA8C-7549B9BDDD83}.Release|Any CPU.Build.0 = Release|Any CPU
		{60D757F5-B592-4467-A781-52379EB0493B}.Debug|Any CPU.ActiveCfg = Debug|Any CPU
		{60D757F5-B592-4467-A781-52379EB0493B}.Debug|Any CPU.Build.0 = Debug|Any CPU
		{60D757F5-B592-4467-A781-52379EB0493B}.Release|Any CPU.ActiveCfg = Release|Any CPU
		{60D757F5-B592-4467-A781-52379EB0493B}.Release|Any CPU.Build.0 = Release|Any CPU
	EndGlobalSection
	GlobalSection(SolutionProperties) = preSolution
		HideSolutionNode = FALSE
	EndGlobalSection
	GlobalSection(ExtensibilityGlobals) = postSolution
		SolutionGuid = {9E62A3B3-F531-4966-AAB9-D0798D852CC4}
	EndGlobalSection
EndGlobal
