
Microsoft Visual Studio Solution File, Format Version 12.00
# Visual Studio Version 17
VisualStudioVersion = 17.5.33530.505
MinimumVisualStudioVersion = 10.0.40219.1
Project("{FAE04EC0-301F-11D3-BF4B-00C04F79EFBC}") = "Bazar", "Bazar\Bazar.csproj", "{354F476D-E192-4CC3-BBFB-80C5BFFED788}"
EndProject
Global
	GlobalSection(SolutionConfigurationPlatforms) = preSolution
		Debug|Any CPU = Debug|Any CPU
		Release|Any CPU = Release|Any CPU
	EndGlobalSection
	GlobalSection(ProjectConfigurationPlatforms) = postSolution
		{354F476D-E192-4CC3-BBFB-80C5BFFED788}.Debug|Any CPU.ActiveCfg = Debug|Any CPU
		{354F476D-E192-4CC3-BBFB-80C5BFFED788}.Debug|Any CPU.Build.0 = Debug|Any CPU
		{354F476D-E192-4CC3-BBFB-80C5BFFED788}.Release|Any CPU.ActiveCfg = Release|Any CPU
		{354F476D-E192-4CC3-BBFB-80C5BFFED788}.Release|Any CPU.Build.0 = Release|Any CPU
	EndGlobalSection
	GlobalSection(SolutionProperties) = preSolution
		HideSolutionNode = FALSE
	EndGlobalSection
	GlobalSection(ExtensibilityGlobals) = postSolution
		SolutionGuid = {646423EF-B17C-4466-9F6E-FE178A0E614E}
	EndGlobalSection
EndGlobal
