
Microsoft Visual Studio Solution File, Format Version 12.00
# Visual Studio Version 17
VisualStudioVersion = 17.6.33801.468
MinimumVisualStudioVersion = 10.0.40219.1
Project("{FAE04EC0-301F-11D3-BF4B-00C04F79EFBC}") = "Numbers", "Numbers\Numbers.csproj", "{D7325C4A-072D-4883-BCC3-602EF8D581D6}"
EndProject
Project("{9A19103F-16F7-4668-BE54-9A1E7A4F7556}") = "RacionalNumber", "RacionalNumber\RacionalNumber.csproj", "{9892115C-A5D6-4DAD-A8A3-2A31E7A088DB}"
EndProject
Project("{9A19103F-16F7-4668-BE54-9A1E7A4F7556}") = "NumberK", "NumberK\NumberK.csproj", "{37E86C97-A5DD-4AA6-8CE8-7DE4DB26BEB2}"
EndProject
Project("{9A19103F-16F7-4668-BE54-9A1E7A4F7556}") = "EvenNumber", "EvenNumber\EvenNumber.csproj", "{3A8A012F-BDA8-4863-BCA4-86496FC11987}"
EndProject
Global
	GlobalSection(SolutionConfigurationPlatforms) = preSolution
		Debug|Any CPU = Debug|Any CPU
		Release|Any CPU = Release|Any CPU
	EndGlobalSection
	GlobalSection(ProjectConfigurationPlatforms) = postSolution
		{D7325C4A-072D-4883-BCC3-602EF8D581D6}.Debug|Any CPU.ActiveCfg = Debug|Any CPU
		{D7325C4A-072D-4883-BCC3-602EF8D581D6}.Debug|Any CPU.Build.0 = Debug|Any CPU
		{D7325C4A-072D-4883-BCC3-602EF8D581D6}.Release|Any CPU.ActiveCfg = Release|Any CPU
		{D7325C4A-072D-4883-BCC3-602EF8D581D6}.Release|Any CPU.Build.0 = Release|Any CPU
		{9892115C-A5D6-4DAD-A8A3-2A31E7A088DB}.Debug|Any CPU.ActiveCfg = Debug|Any CPU
		{9892115C-A5D6-4DAD-A8A3-2A31E7A088DB}.Debug|Any CPU.Build.0 = Debug|Any CPU
		{9892115C-A5D6-4DAD-A8A3-2A31E7A088DB}.Release|Any CPU.ActiveCfg = Release|Any CPU
		{9892115C-A5D6-4DAD-A8A3-2A31E7A088DB}.Release|Any CPU.Build.0 = Release|Any CPU
		{37E86C97-A5DD-4AA6-8CE8-7DE4DB26BEB2}.Debug|Any CPU.ActiveCfg = Debug|Any CPU
		{37E86C97-A5DD-4AA6-8CE8-7DE4DB26BEB2}.Debug|Any CPU.Build.0 = Debug|Any CPU
		{37E86C97-A5DD-4AA6-8CE8-7DE4DB26BEB2}.Release|Any CPU.ActiveCfg = Release|Any CPU
		{37E86C97-A5DD-4AA6-8CE8-7DE4DB26BEB2}.Release|Any CPU.Build.0 = Release|Any CPU
		{3A8A012F-BDA8-4863-BCA4-86496FC11987}.Debug|Any CPU.ActiveCfg = Debug|Any CPU
		{3A8A012F-BDA8-4863-BCA4-86496FC11987}.Debug|Any CPU.Build.0 = Debug|Any CPU
		{3A8A012F-BDA8-4863-BCA4-86496FC11987}.Release|Any CPU.ActiveCfg = Release|Any CPU
		{3A8A012F-BDA8-4863-BCA4-86496FC11987}.Release|Any CPU.Build.0 = Release|Any CPU
	EndGlobalSection
	GlobalSection(SolutionProperties) = preSolution
		HideSolutionNode = FALSE
	EndGlobalSection
	GlobalSection(ExtensibilityGlobals) = postSolution
		SolutionGuid = {0446575D-DA41-4919-927D-46FB14BEF251}
	EndGlobalSection
EndGlobal
