
Microsoft Visual Studio Solution File, Format Version 12.00
# Visual Studio Version 17
VisualStudioVersion = 17.8.34316.72
MinimumVisualStudioVersion = 10.0.40219.1
Project("{FAE04EC0-301F-11D3-BF4B-00C04F79EFBC}") = "PersonCounter", "PersonCounter\PersonCounter.csproj", "{24404F1A-CC6D-4D70-98C2-9230F89D0265}"
EndProject
Global
	GlobalSection(SolutionConfigurationPlatforms) = preSolution
		Debug|Any CPU = Debug|Any CPU
		Release|Any CPU = Release|Any CPU
	EndGlobalSection
	GlobalSection(ProjectConfigurationPlatforms) = postSolution
		{24404F1A-CC6D-4D70-98C2-9230F89D0265}.Debug|Any CPU.ActiveCfg = Debug|Any CPU
		{24404F1A-CC6D-4D70-98C2-9230F89D0265}.Debug|Any CPU.Build.0 = Debug|Any CPU
		{24404F1A-CC6D-4D70-98C2-9230F89D0265}.Release|Any CPU.ActiveCfg = Release|Any CPU
		{24404F1A-CC6D-4D70-98C2-9230F89D0265}.Release|Any CPU.Build.0 = Release|Any CPU
	EndGlobalSection
	GlobalSection(SolutionProperties) = preSolution
		HideSolutionNode = FALSE
	EndGlobalSection
	GlobalSection(ExtensibilityGlobals) = postSolution
		SolutionGuid = {0574DC8E-9C7A-4014-A7E6-116B8DDA6D24}
	EndGlobalSection
EndGlobal
